# THIS IS AN AUTOGENERATED FILE. DO NOT EDIT THIS FILE DIRECTLY.
# yarn lockfile v1


"@slack/types@^1.2.1":
  version "1.10.0"
  resolved "https://registry.yarnpkg.com/@slack/types/-/types-1.10.0.tgz#cbf7d83e1027f4cbfd13d6b429f120c7fb09127a"
  integrity sha512-tA7GG7Tj479vojfV3AoxbckalA48aK6giGjNtgH6ihpLwTyHE3fIgRrvt8TWfLwW8X8dyu7vgmAsGLRG7hWWOg==

"@slack/webhook@^6.0.0":
  version "6.1.0"
  resolved "https://registry.yarnpkg.com/@slack/webhook/-/webhook-6.1.0.tgz#ac9c8add919f0f5ab9440a24e76b2f83adcc0f2c"
  integrity sha512-7AYNISyAjn/lA/VDwZ307K5ft5DojXgBd3DRrGoFN8XxIwIyRALdFhxBiMgAqeJH8eWoktvNwLK24R9hREEqpA==
  dependencies:
    "@slack/types" "^1.2.1"
    "@types/node" ">=12.0.0"
    axios "^0.21.4"

"@types/node@>=12.0.0":
  version "18.15.3"
  resolved "https://registry.yarnpkg.com/@types/node/-/node-18.15.3.tgz#f0b991c32cfc6a4e7f3399d6cb4b8cf9a0315014"
  integrity sha512-p6ua9zBxz5otCmbpb5D3U4B5Nanw6Pk3PPyX05xnxbB/fRv71N7CPmORg7uAD5P70T0xmx1pzAx/FUfa5X+3cw==

arg@5.0.2:
  version "5.0.2"
  resolved "https://registry.yarnpkg.com/arg/-/arg-5.0.2.tgz#c81433cc427c92c4dcf4865142dbca6f15acd59c"
  integrity sha512-PYjyFOLKQ9y57JvQ6QLo8dAgNqswh8M1RMJYdQduT6xbWSgK36P/Z/v+p888pM69jMMfS8Xd8F6I1kQ/I9HUGg==

axios@^0.21.4:
  version "0.21.4"
  resolved "https://registry.yarnpkg.com/axios/-/axios-0.21.4.tgz#c67b90dc0568e5c1cf2b0b858c43ba28e2eda575"
  integrity sha512-ut5vewkiu8jjGBdqpM44XxjuCjq9LAKeHVmoVfHVzy8eHgxxq8SbAVQNovDA8mVi05kP0Ea/n/UzcSHcTJQfNg==
  dependencies:
    follow-redirects "^1.14.0"

follow-redirects@^1.14.0:
  version "1.15.2"
  resolved "https://registry.yarnpkg.com/follow-redirects/-/follow-redirects-1.15.2.tgz#b460864144ba63f2681096f274c4e57026da2c13"
  integrity sha512-VQLG33o04KaQ8uYi2tVNbdrWp1QWxNNea+nmIB4EVM28v0hmP17z7aG1+wAkNzVq4KeXTq3221ye5qTJP91JwA==
