# THIS IS AN AUTOGENERATED FILE. DO NOT EDIT THIS FILE DIRECTLY.
# yarn lockfile v1


"@slack/types@^1.2.1":
  version "1.4.0"
  resolved "https://registry.yarnpkg.com/@slack/types/-/types-1.4.0.tgz#24e0f0cd5b3c4578a7e023aba97969d89c667562"
  integrity sha512-G5u2gCl7oci0k4E9KIX33nmA4YPp1pXYwS/It7ct9dOglCcj63Ee5GRCgtplzOBS+2++DMdp6l3ZCq+VeAMrfw==

"@slack/webhook@^6.0.0":
  version "6.0.0"
  resolved "https://registry.yarnpkg.com/@slack/webhook/-/webhook-6.0.0.tgz#844593c1e864a966e549f60bb640586628f3c1c4"
  integrity sha512-2fohfhLI9lkAmOSWt1R457JBsB3iFNqahu4GqdFZRtcp/bT+xeG/kPn/hQa78JS74poRjWTt5G/qJjNaWMGOEQ==
  dependencies:
    "@slack/types" "^1.2.1"
    "@types/node" ">=12.0.0"
    axios "^0.21.1"

"@types/node@>=12.0.0":
  version "16.4.13"
  resolved "https://registry.yarnpkg.com/@types/node/-/node-16.4.13.tgz#7dfd9c14661edc65cccd43a29eb454174642370d"
  integrity sha512-bLL69sKtd25w7p1nvg9pigE4gtKVpGTPojBFLMkGHXuUgap2sLqQt2qUnqmVCDfzGUL0DRNZP+1prIZJbMeAXg==

arg@5.0.1:
  version "5.0.1"
  resolved "https://registry.yarnpkg.com/arg/-/arg-5.0.1.tgz#eb0c9a8f77786cad2af8ff2b862899842d7b6adb"
  integrity sha512-e0hDa9H2Z9AwFkk2qDlwhoMYE4eToKarchkQHovNdLTCYMHZHeRjI71crOh+dio4K6u1IcwubQqo79Ga4CyAQA==

axios@^0.21.1:
  version "0.21.4"
  resolved "https://registry.yarnpkg.com/axios/-/axios-0.21.4.tgz#c67b90dc0568e5c1cf2b0b858c43ba28e2eda575"
  integrity sha512-ut5vewkiu8jjGBdqpM44XxjuCjq9LAKeHVmoVfHVzy8eHgxxq8SbAVQNovDA8mVi05kP0Ea/n/UzcSHcTJQfNg==
  dependencies:
    follow-redirects "^1.14.0"

follow-redirects@^1.14.0:
  version "1.14.3"
  resolved "https://registry.yarnpkg.com/follow-redirects/-/follow-redirects-1.14.3.tgz#6ada78118d8d24caee595595accdc0ac6abd022e"
  integrity sha512-3MkHxknWMUtb23apkgz/83fDoe+y+qr0TdgacGIA7bew+QLBo3vdgEN2xEsuXNivpFy4CyDhBBZnNZOtalmenw==
