# THIS IS AN AUTOGENERATED FILE. DO NOT EDIT THIS FILE DIRECTLY.
# yarn lockfile v1


"@slack/types@^1.2.1":
  version "1.4.0"
  resolved "https://registry.yarnpkg.com/@slack/types/-/types-1.4.0.tgz#24e0f0cd5b3c4578a7e023aba97969d89c667562"
  integrity sha512-G5u2gCl7oci0k4E9KIX33nmA4YPp1pXYwS/It7ct9dOglCcj63Ee5GRCgtplzOBS+2++DMdp6l3ZCq+VeAMrfw==

"@slack/webhook@^5.0.3":
  version "5.0.3"
  resolved "https://registry.yarnpkg.com/@slack/webhook/-/webhook-5.0.3.tgz#2205cba9a8d49d2ae84ca93f11ab4a1dba2f963b"
  integrity sha512-51vnejJ2zABNumPVukOLyerpHQT39/Lt0TYFtOEz/N2X77bPofOgfPj2atB3etaM07mxWHLT9IRJ4Zuqx38DkQ==
  dependencies:
    "@slack/types" "^1.2.1"
    "@types/node" ">=8.9.0"
    axios "^0.19.0"

"@types/node@>=8.9.0":
  version "13.7.7"
  resolved "https://registry.yarnpkg.com/@types/node/-/node-13.7.7.tgz#1628e6461ba8cc9b53196dfeaeec7b07fa6eea99"
  integrity sha512-Uo4chgKbnPNlxQwoFmYIwctkQVkMMmsAoGGU4JKwLuvBefF0pCq4FybNSnfkfRCpC7ZW7kttcC/TrRtAJsvGtg==

axios@^0.19.0:
  version "0.19.2"
  resolved "https://registry.yarnpkg.com/axios/-/axios-0.19.2.tgz#3ea36c5d8818d0d5f8a8a97a6d36b86cdc00cb27"
  integrity sha512-fjgm5MvRHLhx+osE2xoekY70AhARk3a6hkN+3Io1jc00jtquGvxYlKlsFUhmUET0V5te6CcZI7lcv2Ym61mjHA==
  dependencies:
    follow-redirects "1.5.10"

debug@=3.1.0:
  version "3.1.0"
  resolved "https://registry.yarnpkg.com/debug/-/debug-3.1.0.tgz#5bb5a0672628b64149566ba16819e61518c67261"
  integrity sha512-OX8XqP7/1a9cqkxYw2yXss15f26NKWBpDXQd0/uK/KPqdQhxbPa994hnzjcE2VqQpDslf55723cKPUOGSmMY3g==
  dependencies:
    ms "2.0.0"

follow-redirects@1.5.10:
  version "1.5.10"
  resolved "https://registry.yarnpkg.com/follow-redirects/-/follow-redirects-1.5.10.tgz#7b7a9f9aea2fdff36786a94ff643ed07f4ff5e2a"
  integrity sha512-0V5l4Cizzvqt5D44aTXbFZz+FtyXV1vrDN6qrelxtfYQKW0KO0W2T/hkE8xvGa/540LkZlkaUjO4ailYTFtHVQ==
  dependencies:
    debug "=3.1.0"

ms@2.0.0:
  version "2.0.0"
  resolved "https://registry.yarnpkg.com/ms/-/ms-2.0.0.tgz#5608aeadfc00be6c2901df5f9861788de0d597c8"
  integrity sha1-VgiurfwAvmwpAd9fmGF4jeDVl8g=
