# This file is autogenerated, do not edit; changes may be undone by the next 'dep ensure'.


[[projects]]
  digest = "1:73d52ad0467263233e26833b71c8bbb4d991c9b59d57a18761ff5c07bbe22f10"
  name = "github.com/99designs/gqlgen"
  packages = [
    "complexity",
    "graphql",
    "graphql/introspection",
    "handler",
  ]
  pruneopts = "UT"
  revision = "6f486bde038887adf67c3e3766624ef111ea95cf"
  version = "v0.6.0"

[[projects]]
  digest = "1:cc306cae16c310ca360eaee3e563109e251832a3f6a13b26bf39cc6a43c7c9f6"
  name = "github.com/agnivade/levenshtein"
  packages = ["."]
  pruneopts = "UT"
  revision = "834b435c3df04fba060c8d74a40d849ab2c4a090"
  version = "v1.0.1"

[[projects]]
  digest = "1:76dc72490af7174349349838f2fe118996381b31ea83243812a97e5a0fd5ed55"
  name = "github.com/dgrijalva/jwt-go"
  packages = ["."]
  pruneopts = "UT"
  revision = "06ea1031745cb8b3dab3f6a236daf2b0aa468b7e"
  version = "v3.2.0"

[[projects]]
  digest = "1:b9914f85d95a0968bafd1be1908ba29e2eafafd88d6fd13696be42bf5368c380"
  name = "github.com/go-chi/chi"
  packages = ["."]
  pruneopts = "UT"
  revision = "b5294d10673813fac8558e7f47242bc9e61b4c25"
  version = "v3.3.3"

[[projects]]
  digest = "1:7b5c6e2eeaa9ae5907c391a91c132abfd5c9e8a784a341b5625e750c67e6825d"
  name = "github.com/gorilla/websocket"
  packages = ["."]
  pruneopts = "UT"
  revision = "66b9c49e59c6c48f0ffce28c2d8b8a5678502c6d"
  version = "v1.4.0"

[[projects]]
  digest = "1:8ec8d88c248041a6df5f6574b87bc00e7e0b493881dad2e7ef47b11dc69093b5"
  name = "github.com/hashicorp/golang-lru"
  packages = [
    ".",
    "simplelru",
  ]
  pruneopts = "UT"
  revision = "20f1fb78b0740ba8c3cb143a61e86ba5c8669768"
  version = "v0.5.0"

[[projects]]
  digest = "1:d86c8eb7189141c0e902fd8dcf6e79b8feea523978018e20f2ac794626ad0f63"
  name = "github.com/machinebox/graphql"
  packages = ["."]
  pruneopts = "UT"
  revision = "05b17f3157491bbfa5d6fc2006443a272d960d15"
  version = "v0.2.2"

[[projects]]
  digest = "1:53bc4cd4914cd7cd52139990d5170d6dc99067ae31c56530621b18b35fc30318"
  name = "github.com/mitchellh/mapstructure"
  packages = ["."]
  pruneopts = "UT"
  revision = "3536a929edddb9a5b34bd6861dc4a9647cb459fe"
  version = "v1.1.2"

[[projects]]
  digest = "1:40e195917a951a8bf867cd05de2a46aaf1806c50cf92eebf4c16f78cd196f747"
  name = "github.com/pkg/errors"
  packages = ["."]
  pruneopts = "UT"
  revision = "645ef00459ed84a119197bfb8d8205042c6df63d"
  version = "v0.8.0"

[[projects]]
  branch = "master"
  digest = "1:e4b889a2efa063e446dc2cca35dbe2484c47bbe1f2c5c20b8d043c6e6b3009c3"
  name = "github.com/prisma/prisma-client-lib-go"
  packages = ["."]
  pruneopts = "UT"
  revision = "886b6a49a2294d77aa3e9cee412aba20987d3488"

[[projects]]
  branch = "master"
  digest = "1:7fa8a2105f0b0853395a85d3dd8ef1475c44919374c6496dba7b987586edaced"
  name = "github.com/vektah/gqlparser"
  packages = [
    ".",
    "ast",
    "gqlerror",
    "lexer",
    "parser",
    "validator",
    "validator/rules",
  ]
  pruneopts = "UT"
  revision = "f119686bf1d4d1a68c7ed6afe35f183625443c41"

[[projects]]
  branch = "master"
  digest = "1:1ecf2a49df33be51e757d0033d5d51d5f784f35f68e5a38f797b2d3f03357d71"
  name = "golang.org/x/crypto"
  packages = [
    "bcrypt",
    "blowfish",
  ]
  pruneopts = "UT"
  revision = "0c41d7ab0a0ee717d4590a44bcb987dfd9e183eb"

[solve-meta]
  analyzer-name = "dep"
  analyzer-version = 1
  input-imports = [
    "github.com/99designs/gqlgen/graphql",
    "github.com/99designs/gqlgen/graphql/introspection",
    "github.com/99designs/gqlgen/handler",
    "github.com/dgrijalva/jwt-go",
    "github.com/go-chi/chi",
    "github.com/machinebox/graphql",
    "github.com/prisma/prisma-client-lib-go",
    "github.com/vektah/gqlparser",
    "github.com/vektah/gqlparser/ast",
    "golang.org/x/crypto/bcrypt",
  ]
  solver-name = "gps-cdcl"
  solver-version = 1
