github.com/dgrijalva/jwt-go v3.2.0+incompatible h1:7qlOGliEKZXTDg6OTjfoBKDXWrumCAMpl/TFQ4/5kLM=
github.com/dgrijalva/jwt-go v3.2.0+incompatible/go.mod h1:E3ru+11k8xSBh+hMPgOLZmtrrCbhqsmaPHjLKYnJCaQ=
github.com/gorilla/context v1.1.1 h1:AWwleXJkX/nhcU9bZSnZoi3h/qGYqQAGhq6zZe/aQW8=
github.com/gorilla/context v1.1.1/go.mod h1:kBGZzfjB9CEq2AlWe17Uuf7NDRt0dE0s8S51q0aT7Yg=
github.com/gorilla/mux v1.6.2 h1:Pgr17XVTNXAk3q/r4CpKzC5xBM/qW1uVLV+IhRZpIIk=
github.com/gorilla/mux v1.6.2/go.mod h1:1lud6UwP+6orDFRuTfBEV8e9/aOM/c4fVVCaMa2zaAs=
github.com/gorilla/mux v1.7.3 h1:gnP5JzjVOuiZD07fKKToCAOjS0yOpj/qPETTXCCS6hw=
github.com/gorilla/mux v1.7.3/go.mod h1:1lud6UwP+6orDFRuTfBEV8e9/aOM/c4fVVCaMa2zaAs=
github.com/machinebox/graphql v0.2.2 h1:dWKpJligYKhYKO5A2gvNhkJdQMNZeChZYyBbrZkBZfo=
github.com/machinebox/graphql v0.2.2/go.mod h1:F+kbVMHuwrQ5tYgU9JXlnskM8nOaFxCAEolaQybkjWA=
github.com/matryer/is v1.2.0 h1:92UTHpy8CDwaJ08GqLDzhhuixiBUUD1p3AU6PHddz4A=
github.com/matryer/is v1.2.0/go.mod h1:2fLPjFQM9rhQ15aVEtbuwhJinnOqrmgXPNdZsdwlWXA=
github.com/mitchellh/mapstructure v1.1.2 h1:fmNYVwqnSfB9mZU6OS2O6GsXM+wcskZDuKQzvN1EDeE=
github.com/mitchellh/mapstructure v1.1.2/go.mod h1:FVVH3fgwuzCH5S8UJGiWEs2h04kUh9fWfEaFds41c1Y=
github.com/pkg/errors v0.8.0 h1:WdK/asTD0HN+q6hsWO3/vpuAkAr+tw6aNJNDFFf0+qw=
github.com/pkg/errors v0.8.0/go.mod h1:bwawxfHBFNV+L2hUp1rHADufV3IMtnDRdf1r5NINEl0=
github.com/prisma/prisma-client-lib-go v0.0.0-20181017161110-68a1f9908416 h1:bK1karjdWISvsqaWAKrIoIOzO7AO4Iacbx2F8WVe278=
github.com/prisma/prisma-client-lib-go v0.0.0-20181017161110-68a1f9908416/go.mod h1:klNDlWlIIeAJVgZBlLV2fcnT4njAZTJjESWy9ioVMZg=
github.com/prisma/prisma-examples v0.0.0-20190629115226-8fd91ac7f860 h1:NNjfCT8s5UZlBPvM2rJt0X7d96XG8m7j/Dwp5NPyG6o=
github.com/prisma/prisma-examples v0.0.0-20190629115226-8fd91ac7f860/go.mod h1:i+NAPqF4pXXV33xfPYYM4VPNgSnlCW7Qa/5ULDN3DTg=
github.com/prisma/prisma-examples v0.0.0-20191127132059-744d082a4d51 h1:0J/RC0q92uzV263esko+RL6rIr3zhRkuVeI0Mtnw1p0=
github.com/prisma/prisma-examples v0.0.0-20191127132059-744d082a4d51/go.mod h1:i+NAPqF4pXXV33xfPYYM4VPNgSnlCW7Qa/5ULDN3DTg=
github.com/prisma/prisma-examples v0.0.0-20191127142249-77fda2a998b5 h1:49AdfvAKELdyRXFdG841Qz4QoBOzhWmVXtMCrXd7ESM=
github.com/prisma/prisma-examples v0.0.0-20191127142249-77fda2a998b5/go.mod h1:i+NAPqF4pXXV33xfPYYM4VPNgSnlCW7Qa/5ULDN3DTg=
github.com/prisma/prisma-examples v0.0.0-20191127151041-981113c429fb h1:GenMzfnBTgWLDMlf7fHEbZKNlnzgEd9ByCUfFnPhvbU=
github.com/prisma/prisma-examples v0.0.0-20191127151041-981113c429fb/go.mod h1:i+NAPqF4pXXV33xfPYYM4VPNgSnlCW7Qa/5ULDN3DTg=
github.com/prisma/prisma-examples v0.0.0-20191127171611-03acacb433fb h1:IjTUZEvPdj7oTIc7Cu24n+/ugEzzN59tmzH0ujUYmrY=
github.com/prisma/prisma-examples v0.0.0-20191127171611-03acacb433fb/go.mod h1:i+NAPqF4pXXV33xfPYYM4VPNgSnlCW7Qa/5ULDN3DTg=
github.com/prisma/prisma-examples v0.0.0-20191128050052-1033f93b729e h1:r1GKu0v4Wj0ludHDxlioofDhkk6xm3EDAQ2nmVDuZTw=
github.com/prisma/prisma-examples v0.0.0-20191128050052-1033f93b729e/go.mod h1:i+NAPqF4pXXV33xfPYYM4VPNgSnlCW7Qa/5ULDN3DTg=
github.com/prisma/prisma-examples v0.0.0-20191128101120-ad5cd8923e15 h1:gt3rrbHEzoJT84xp8bsYxfGM1ECerToXV2gXMv/YtsU=
github.com/prisma/prisma-examples v0.0.0-20191128101120-ad5cd8923e15/go.mod h1:i+NAPqF4pXXV33xfPYYM4VPNgSnlCW7Qa/5ULDN3DTg=
github.com/prisma/prisma-examples v0.0.0-20191128140821-51c3ff483192 h1:oLt2FCzWGfFtLJg21KP5IvpntSS5DOx1oaz27zCIHKw=
github.com/prisma/prisma-examples v0.0.0-20191128140821-51c3ff483192/go.mod h1:i+NAPqF4pXXV33xfPYYM4VPNgSnlCW7Qa/5ULDN3DTg=
github.com/prisma/prisma-examples v0.0.0-20191128155003-fd95668c78a3 h1:kKmAYQGcDWRrfLNmH6eOWvyS2vmL6zbzHqW9BEcsxXo=
github.com/prisma/prisma-examples v0.0.0-20191128155003-fd95668c78a3/go.mod h1:i+NAPqF4pXXV33xfPYYM4VPNgSnlCW7Qa/5ULDN3DTg=
github.com/prisma/prisma-examples v0.0.0-20191128171036-fe8a4c63d157 h1:vm+wdXAGljVqpzWLNA6x9rHAQcQS41FIRteESkqymvo=
github.com/prisma/prisma-examples v0.0.0-20191128171036-fe8a4c63d157/go.mod h1:i+NAPqF4pXXV33xfPYYM4VPNgSnlCW7Qa/5ULDN3DTg=
github.com/prisma/prisma-examples v0.0.0-20191129142952-c4c8a8ec2017 h1:Qad5lINe6Yjhb4+3MB63l61SZRrTh2VZmoOzBuUj96s=
github.com/prisma/prisma-examples v0.0.0-20191129142952-c4c8a8ec2017/go.mod h1:i+NAPqF4pXXV33xfPYYM4VPNgSnlCW7Qa/5ULDN3DTg=
github.com/prisma/prisma-examples v0.0.0-20191202190039-c360097d7928 h1:txw99Irb8mlRkgziqTjWyE9UZJGMPP/CpW9IwGS9CY8=
github.com/prisma/prisma-examples v0.0.0-20191202190039-c360097d7928/go.mod h1:i+NAPqF4pXXV33xfPYYM4VPNgSnlCW7Qa/5ULDN3DTg=
github.com/prisma/prisma-examples v0.0.0-20191203145623-03bfefc36d56 h1:FbW/K6Nh5nDg0iqH/WhHqblTLhD7e0wnwN6W8MthYL8=
github.com/prisma/prisma-examples v0.0.0-20191203145623-03bfefc36d56/go.mod h1:i+NAPqF4pXXV33xfPYYM4VPNgSnlCW7Qa/5ULDN3DTg=
github.com/prisma/prisma-examples v0.0.0-20191204082921-21752d40ebf4 h1:RYJ+N/BpOQDvIZE6KjtFOQnY/rYHt/XRB1R+GRIrwcA=
github.com/prisma/prisma-examples v0.0.0-20191204082921-21752d40ebf4/go.mod h1:i+NAPqF4pXXV33xfPYYM4VPNgSnlCW7Qa/5ULDN3DTg=
github.com/prisma/prisma-examples v0.0.0-20191204124833-755b83773fc6 h1:HeW4jQ0ph56DBZL4juVw2k0zPpjoFXwo3m7PwEzvSYQ=
github.com/prisma/prisma-examples v0.0.0-20191204124833-755b83773fc6/go.mod h1:i+NAPqF4pXXV33xfPYYM4VPNgSnlCW7Qa/5ULDN3DTg=
github.com/prisma/prisma-examples v0.0.0-20191204142227-9c5a36fa401d h1:1tUjdB6s6+l0+bAdmqhaifpdHaShMcGRlSKFKInims8=
github.com/prisma/prisma-examples v0.0.0-20191204142227-9c5a36fa401d/go.mod h1:i+NAPqF4pXXV33xfPYYM4VPNgSnlCW7Qa/5ULDN3DTg=
github.com/prisma/prisma-examples v0.0.0-20191204163359-8e66680ec446 h1:/OpRNDYlL7oCImxOipv4kCLzdKwDG4pUJymPbkqvAIw=
github.com/prisma/prisma-examples v0.0.0-20191204163359-8e66680ec446/go.mod h1:i+NAPqF4pXXV33xfPYYM4VPNgSnlCW7Qa/5ULDN3DTg=
github.com/prisma/prisma-examples v0.0.0-20191204174530-fb510d63aa81 h1:aCt7ei2iuynTXVc4aHU72Wz7Vo/qjX8wURPazoTyUj4=
github.com/prisma/prisma-examples v0.0.0-20191204174530-fb510d63aa81/go.mod h1:i+NAPqF4pXXV33xfPYYM4VPNgSnlCW7Qa/5ULDN3DTg=
github.com/prisma/prisma-examples v0.0.0-20191204235223-ccbe6963df8c h1:GQZHqtghkOD5Ia/inJBoDiKsUG6WXMfv4CtvHMhFMkM=
github.com/prisma/prisma-examples v0.0.0-20191204235223-ccbe6963df8c/go.mod h1:i+NAPqF4pXXV33xfPYYM4VPNgSnlCW7Qa/5ULDN3DTg=
github.com/prisma/prisma-examples v0.0.0-20191205000821-33d0373a059c h1:SBhRaaI19LuuNBlAtVYTTm0owuaD7MSTSVEtJilEXrI=
github.com/prisma/prisma-examples v0.0.0-20191205000821-33d0373a059c/go.mod h1:i+NAPqF4pXXV33xfPYYM4VPNgSnlCW7Qa/5ULDN3DTg=
github.com/prisma/prisma-examples v0.0.0-20191205045238-7f2d0e529644 h1:6LY9fThDgM7pu3A13THFrQ4zr2kndVEz81u0LNNSSEE=
github.com/prisma/prisma-examples v0.0.0-20191205045238-7f2d0e529644/go.mod h1:i+NAPqF4pXXV33xfPYYM4VPNgSnlCW7Qa/5ULDN3DTg=
github.com/prisma/prisma-examples v0.0.0-20191205093336-e30ec0d2865f h1:cB87H3AmnqnzrRkgUIUR1W6N4U/Az4nGKjLSte8aijY=
github.com/prisma/prisma-examples v0.0.0-20191205093336-e30ec0d2865f/go.mod h1:i+NAPqF4pXXV33xfPYYM4VPNgSnlCW7Qa/5ULDN3DTg=
github.com/prisma/prisma-examples v0.0.0-20191205100753-91d36d54426c h1:3o5RmNfi0lwUpIOwq9v9zgcdOnGgBuu3KTH2t8R00Ak=
github.com/prisma/prisma-examples v0.0.0-20191205100753-91d36d54426c/go.mod h1:i+NAPqF4pXXV33xfPYYM4VPNgSnlCW7Qa/5ULDN3DTg=
github.com/prisma/prisma-examples v0.0.0-20191205141030-2ef35a9c4e4a h1:PSCLvwyQYvttgInmexYARM8o1VF+fkh79lynWeU24qY=
github.com/prisma/prisma-examples v0.0.0-20191205141030-2ef35a9c4e4a/go.mod h1:i+NAPqF4pXXV33xfPYYM4VPNgSnlCW7Qa/5ULDN3DTg=
github.com/prisma/prisma-examples v0.0.0-20191205155119-25af661ddabb h1:YHGZhNaNBFdttmX9I32E9ivFRmL1N9alIuOc5/OGJnM=
github.com/prisma/prisma-examples v0.0.0-20191205155119-25af661ddabb/go.mod h1:i+NAPqF4pXXV33xfPYYM4VPNgSnlCW7Qa/5ULDN3DTg=
