github.com/dgrijalva/jwt-go v3.2.0+incompatible h1:7qlOGliEKZXTDg6OTjfoBKDXWrumCAMpl/TFQ4/5kLM=
github.com/dgrijalva/jwt-go v3.2.0+incompatible/go.mod h1:E3ru+11k8xSBh+hMPgOLZmtrrCbhqsmaPHjLKYnJCaQ=
github.com/gorilla/context v1.1.1 h1:AWwleXJkX/nhcU9bZSnZoi3h/qGYqQAGhq6zZe/aQW8=
github.com/gorilla/context v1.1.1/go.mod h1:kBGZzfjB9CEq2AlWe17Uuf7NDRt0dE0s8S51q0aT7Yg=
github.com/gorilla/mux v1.6.2 h1:Pgr17XVTNXAk3q/r4CpKzC5xBM/qW1uVLV+IhRZpIIk=
github.com/gorilla/mux v1.6.2/go.mod h1:1lud6UwP+6orDFRuTfBEV8e9/aOM/c4fVVCaMa2zaAs=
github.com/machinebox/graphql v0.2.2 h1:dWKpJligYKhYKO5A2gvNhkJdQMNZeChZYyBbrZkBZfo=
github.com/machinebox/graphql v0.2.2/go.mod h1:F+kbVMHuwrQ5tYgU9JXlnskM8nOaFxCAEolaQybkjWA=
github.com/matryer/is v1.2.0 h1:92UTHpy8CDwaJ08GqLDzhhuixiBUUD1p3AU6PHddz4A=
github.com/matryer/is v1.2.0/go.mod h1:2fLPjFQM9rhQ15aVEtbuwhJinnOqrmgXPNdZsdwlWXA=
github.com/mitchellh/mapstructure v1.1.2 h1:fmNYVwqnSfB9mZU6OS2O6GsXM+wcskZDuKQzvN1EDeE=
github.com/mitchellh/mapstructure v1.1.2/go.mod h1:FVVH3fgwuzCH5S8UJGiWEs2h04kUh9fWfEaFds41c1Y=
github.com/pkg/errors v0.8.0 h1:WdK/asTD0HN+q6hsWO3/vpuAkAr+tw6aNJNDFFf0+qw=
github.com/pkg/errors v0.8.0/go.mod h1:bwawxfHBFNV+L2hUp1rHADufV3IMtnDRdf1r5NINEl0=
github.com/prisma/prisma-client-lib-go v0.0.0-20181017161110-68a1f9908416 h1:bK1karjdWISvsqaWAKrIoIOzO7AO4Iacbx2F8WVe278=
github.com/prisma/prisma-client-lib-go v0.0.0-20181017161110-68a1f9908416/go.mod h1:klNDlWlIIeAJVgZBlLV2fcnT4njAZTJjESWy9ioVMZg=
github.com/prisma/prisma-examples v0.0.0-20190629115226-8fd91ac7f860 h1:NNjfCT8s5UZlBPvM2rJt0X7d96XG8m7j/Dwp5NPyG6o=
github.com/prisma/prisma-examples v0.0.0-20190629115226-8fd91ac7f860/go.mod h1:i+NAPqF4pXXV33xfPYYM4VPNgSnlCW7Qa/5ULDN3DTg=
github.com/prisma/prisma-examples v0.0.0-20191127132059-744d082a4d51 h1:0J/RC0q92uzV263esko+RL6rIr3zhRkuVeI0Mtnw1p0=
github.com/prisma/prisma-examples v0.0.0-20191127132059-744d082a4d51/go.mod h1:i+NAPqF4pXXV33xfPYYM4VPNgSnlCW7Qa/5ULDN3DTg=
github.com/prisma/prisma-examples v0.0.0-20191127142249-77fda2a998b5 h1:49AdfvAKELdyRXFdG841Qz4QoBOzhWmVXtMCrXd7ESM=
github.com/prisma/prisma-examples v0.0.0-20191127142249-77fda2a998b5/go.mod h1:i+NAPqF4pXXV33xfPYYM4VPNgSnlCW7Qa/5ULDN3DTg=
