github.com/dgrijalva/jwt-go v3.2.0+incompatible h1:7qlOGliEKZXTDg6OTjfoBKDXWrumCAMpl/TFQ4/5kLM=
github.com/dgrijalva/jwt-go v3.2.0+incompatible/go.mod h1:E3ru+11k8xSBh+hMPgOLZmtrrCbhqsmaPHjLKYnJCaQ=
github.com/gorilla/context v1.1.1 h1:AWwleXJkX/nhcU9bZSnZoi3h/qGYqQAGhq6zZe/aQW8=
github.com/gorilla/context v1.1.1/go.mod h1:kBGZzfjB9CEq2AlWe17Uuf7NDRt0dE0s8S51q0aT7Yg=
github.com/gorilla/mux v1.6.2 h1:Pgr17XVTNXAk3q/r4CpKzC5xBM/qW1uVLV+IhRZpIIk=
github.com/gorilla/mux v1.6.2/go.mod h1:1lud6UwP+6orDFRuTfBEV8e9/aOM/c4fVVCaMa2zaAs=
github.com/gorilla/mux v1.7.3 h1:gnP5JzjVOuiZD07fKKToCAOjS0yOpj/qPETTXCCS6hw=
github.com/gorilla/mux v1.7.3/go.mod h1:1lud6UwP+6orDFRuTfBEV8e9/aOM/c4fVVCaMa2zaAs=
github.com/gorilla/mux v1.7.4 h1:VuZ8uybHlWmqV03+zRzdwKL4tUnIp1MAQtp1mIFE1bc=
github.com/gorilla/mux v1.7.4/go.mod h1:DVbg23sWSpFRCP0SfiEN6jmj59UnW/n46BH5rLB71So=
github.com/machinebox/graphql v0.2.2 h1:dWKpJligYKhYKO5A2gvNhkJdQMNZeChZYyBbrZkBZfo=
github.com/machinebox/graphql v0.2.2/go.mod h1:F+kbVMHuwrQ5tYgU9JXlnskM8nOaFxCAEolaQybkjWA=
github.com/matryer/is v1.2.0 h1:92UTHpy8CDwaJ08GqLDzhhuixiBUUD1p3AU6PHddz4A=
github.com/matryer/is v1.2.0/go.mod h1:2fLPjFQM9rhQ15aVEtbuwhJinnOqrmgXPNdZsdwlWXA=
github.com/mitchellh/mapstructure v1.1.2 h1:fmNYVwqnSfB9mZU6OS2O6GsXM+wcskZDuKQzvN1EDeE=
github.com/mitchellh/mapstructure v1.1.2/go.mod h1:FVVH3fgwuzCH5S8UJGiWEs2h04kUh9fWfEaFds41c1Y=
github.com/pkg/errors v0.8.0 h1:WdK/asTD0HN+q6hsWO3/vpuAkAr+tw6aNJNDFFf0+qw=
github.com/pkg/errors v0.8.0/go.mod h1:bwawxfHBFNV+L2hUp1rHADufV3IMtnDRdf1r5NINEl0=
github.com/prisma/prisma-client-lib-go v0.0.0-20181017161110-68a1f9908416 h1:bK1karjdWISvsqaWAKrIoIOzO7AO4Iacbx2F8WVe278=
github.com/prisma/prisma-client-lib-go v0.0.0-20181017161110-68a1f9908416/go.mod h1:klNDlWlIIeAJVgZBlLV2fcnT4njAZTJjESWy9ioVMZg=
github.com/prisma/prisma-examples v0.0.0-20190629115226-8fd91ac7f860 h1:NNjfCT8s5UZlBPvM2rJt0X7d96XG8m7j/Dwp5NPyG6o=
github.com/prisma/prisma-examples v0.0.0-20190629115226-8fd91ac7f860/go.mod h1:i+NAPqF4pXXV33xfPYYM4VPNgSnlCW7Qa/5ULDN3DTg=
github.com/prisma/prisma-examples v0.0.0-20191127132059-744d082a4d51 h1:0J/RC0q92uzV263esko+RL6rIr3zhRkuVeI0Mtnw1p0=
github.com/prisma/prisma-examples v0.0.0-20191127132059-744d082a4d51/go.mod h1:i+NAPqF4pXXV33xfPYYM4VPNgSnlCW7Qa/5ULDN3DTg=
github.com/prisma/prisma-examples v0.0.0-20191127142249-77fda2a998b5 h1:49AdfvAKELdyRXFdG841Qz4QoBOzhWmVXtMCrXd7ESM=
github.com/prisma/prisma-examples v0.0.0-20191127142249-77fda2a998b5/go.mod h1:i+NAPqF4pXXV33xfPYYM4VPNgSnlCW7Qa/5ULDN3DTg=
github.com/prisma/prisma-examples v0.0.0-20191127151041-981113c429fb h1:GenMzfnBTgWLDMlf7fHEbZKNlnzgEd9ByCUfFnPhvbU=
github.com/prisma/prisma-examples v0.0.0-20191127151041-981113c429fb/go.mod h1:i+NAPqF4pXXV33xfPYYM4VPNgSnlCW7Qa/5ULDN3DTg=
github.com/prisma/prisma-examples v0.0.0-20191127171611-03acacb433fb h1:IjTUZEvPdj7oTIc7Cu24n+/ugEzzN59tmzH0ujUYmrY=
github.com/prisma/prisma-examples v0.0.0-20191127171611-03acacb433fb/go.mod h1:i+NAPqF4pXXV33xfPYYM4VPNgSnlCW7Qa/5ULDN3DTg=
github.com/prisma/prisma-examples v0.0.0-20191128050052-1033f93b729e h1:r1GKu0v4Wj0ludHDxlioofDhkk6xm3EDAQ2nmVDuZTw=
github.com/prisma/prisma-examples v0.0.0-20191128050052-1033f93b729e/go.mod h1:i+NAPqF4pXXV33xfPYYM4VPNgSnlCW7Qa/5ULDN3DTg=
github.com/prisma/prisma-examples v0.0.0-20191128101120-ad5cd8923e15 h1:gt3rrbHEzoJT84xp8bsYxfGM1ECerToXV2gXMv/YtsU=
github.com/prisma/prisma-examples v0.0.0-20191128101120-ad5cd8923e15/go.mod h1:i+NAPqF4pXXV33xfPYYM4VPNgSnlCW7Qa/5ULDN3DTg=
github.com/prisma/prisma-examples v0.0.0-20191128140821-51c3ff483192 h1:oLt2FCzWGfFtLJg21KP5IvpntSS5DOx1oaz27zCIHKw=
github.com/prisma/prisma-examples v0.0.0-20191128140821-51c3ff483192/go.mod h1:i+NAPqF4pXXV33xfPYYM4VPNgSnlCW7Qa/5ULDN3DTg=
github.com/prisma/prisma-examples v0.0.0-20191128155003-fd95668c78a3 h1:kKmAYQGcDWRrfLNmH6eOWvyS2vmL6zbzHqW9BEcsxXo=
github.com/prisma/prisma-examples v0.0.0-20191128155003-fd95668c78a3/go.mod h1:i+NAPqF4pXXV33xfPYYM4VPNgSnlCW7Qa/5ULDN3DTg=
github.com/prisma/prisma-examples v0.0.0-20191128171036-fe8a4c63d157 h1:vm+wdXAGljVqpzWLNA6x9rHAQcQS41FIRteESkqymvo=
github.com/prisma/prisma-examples v0.0.0-20191128171036-fe8a4c63d157/go.mod h1:i+NAPqF4pXXV33xfPYYM4VPNgSnlCW7Qa/5ULDN3DTg=
github.com/prisma/prisma-examples v0.0.0-20191129142952-c4c8a8ec2017 h1:Qad5lINe6Yjhb4+3MB63l61SZRrTh2VZmoOzBuUj96s=
github.com/prisma/prisma-examples v0.0.0-20191129142952-c4c8a8ec2017/go.mod h1:i+NAPqF4pXXV33xfPYYM4VPNgSnlCW7Qa/5ULDN3DTg=
github.com/prisma/prisma-examples v0.0.0-20191202190039-c360097d7928 h1:txw99Irb8mlRkgziqTjWyE9UZJGMPP/CpW9IwGS9CY8=
github.com/prisma/prisma-examples v0.0.0-20191202190039-c360097d7928/go.mod h1:i+NAPqF4pXXV33xfPYYM4VPNgSnlCW7Qa/5ULDN3DTg=
github.com/prisma/prisma-examples v0.0.0-20191203145623-03bfefc36d56 h1:FbW/K6Nh5nDg0iqH/WhHqblTLhD7e0wnwN6W8MthYL8=
github.com/prisma/prisma-examples v0.0.0-20191203145623-03bfefc36d56/go.mod h1:i+NAPqF4pXXV33xfPYYM4VPNgSnlCW7Qa/5ULDN3DTg=
github.com/prisma/prisma-examples v0.0.0-20191204082921-21752d40ebf4 h1:RYJ+N/BpOQDvIZE6KjtFOQnY/rYHt/XRB1R+GRIrwcA=
github.com/prisma/prisma-examples v0.0.0-20191204082921-21752d40ebf4/go.mod h1:i+NAPqF4pXXV33xfPYYM4VPNgSnlCW7Qa/5ULDN3DTg=
github.com/prisma/prisma-examples v0.0.0-20191204124833-755b83773fc6 h1:HeW4jQ0ph56DBZL4juVw2k0zPpjoFXwo3m7PwEzvSYQ=
github.com/prisma/prisma-examples v0.0.0-20191204124833-755b83773fc6/go.mod h1:i+NAPqF4pXXV33xfPYYM4VPNgSnlCW7Qa/5ULDN3DTg=
github.com/prisma/prisma-examples v0.0.0-20191204142227-9c5a36fa401d h1:1tUjdB6s6+l0+bAdmqhaifpdHaShMcGRlSKFKInims8=
github.com/prisma/prisma-examples v0.0.0-20191204142227-9c5a36fa401d/go.mod h1:i+NAPqF4pXXV33xfPYYM4VPNgSnlCW7Qa/5ULDN3DTg=
github.com/prisma/prisma-examples v0.0.0-20191204163359-8e66680ec446 h1:/OpRNDYlL7oCImxOipv4kCLzdKwDG4pUJymPbkqvAIw=
github.com/prisma/prisma-examples v0.0.0-20191204163359-8e66680ec446/go.mod h1:i+NAPqF4pXXV33xfPYYM4VPNgSnlCW7Qa/5ULDN3DTg=
github.com/prisma/prisma-examples v0.0.0-20191204174530-fb510d63aa81 h1:aCt7ei2iuynTXVc4aHU72Wz7Vo/qjX8wURPazoTyUj4=
github.com/prisma/prisma-examples v0.0.0-20191204174530-fb510d63aa81/go.mod h1:i+NAPqF4pXXV33xfPYYM4VPNgSnlCW7Qa/5ULDN3DTg=
github.com/prisma/prisma-examples v0.0.0-20191204235223-ccbe6963df8c h1:GQZHqtghkOD5Ia/inJBoDiKsUG6WXMfv4CtvHMhFMkM=
github.com/prisma/prisma-examples v0.0.0-20191204235223-ccbe6963df8c/go.mod h1:i+NAPqF4pXXV33xfPYYM4VPNgSnlCW7Qa/5ULDN3DTg=
github.com/prisma/prisma-examples v0.0.0-20191205000821-33d0373a059c h1:SBhRaaI19LuuNBlAtVYTTm0owuaD7MSTSVEtJilEXrI=
github.com/prisma/prisma-examples v0.0.0-20191205000821-33d0373a059c/go.mod h1:i+NAPqF4pXXV33xfPYYM4VPNgSnlCW7Qa/5ULDN3DTg=
github.com/prisma/prisma-examples v0.0.0-20191205045238-7f2d0e529644 h1:6LY9fThDgM7pu3A13THFrQ4zr2kndVEz81u0LNNSSEE=
github.com/prisma/prisma-examples v0.0.0-20191205045238-7f2d0e529644/go.mod h1:i+NAPqF4pXXV33xfPYYM4VPNgSnlCW7Qa/5ULDN3DTg=
github.com/prisma/prisma-examples v0.0.0-20191205093336-e30ec0d2865f h1:cB87H3AmnqnzrRkgUIUR1W6N4U/Az4nGKjLSte8aijY=
github.com/prisma/prisma-examples v0.0.0-20191205093336-e30ec0d2865f/go.mod h1:i+NAPqF4pXXV33xfPYYM4VPNgSnlCW7Qa/5ULDN3DTg=
github.com/prisma/prisma-examples v0.0.0-20191205100753-91d36d54426c h1:3o5RmNfi0lwUpIOwq9v9zgcdOnGgBuu3KTH2t8R00Ak=
github.com/prisma/prisma-examples v0.0.0-20191205100753-91d36d54426c/go.mod h1:i+NAPqF4pXXV33xfPYYM4VPNgSnlCW7Qa/5ULDN3DTg=
github.com/prisma/prisma-examples v0.0.0-20191205141030-2ef35a9c4e4a h1:PSCLvwyQYvttgInmexYARM8o1VF+fkh79lynWeU24qY=
github.com/prisma/prisma-examples v0.0.0-20191205141030-2ef35a9c4e4a/go.mod h1:i+NAPqF4pXXV33xfPYYM4VPNgSnlCW7Qa/5ULDN3DTg=
github.com/prisma/prisma-examples v0.0.0-20191205155119-25af661ddabb h1:YHGZhNaNBFdttmX9I32E9ivFRmL1N9alIuOc5/OGJnM=
github.com/prisma/prisma-examples v0.0.0-20191205155119-25af661ddabb/go.mod h1:i+NAPqF4pXXV33xfPYYM4VPNgSnlCW7Qa/5ULDN3DTg=
github.com/prisma/prisma-examples v0.0.0-20191205163808-dcc55c673eec h1:CuM4c8UIkGRBfgiNSc086w6cdOsQQ6amG5fShbXvc5w=
github.com/prisma/prisma-examples v0.0.0-20191205163808-dcc55c673eec/go.mod h1:i+NAPqF4pXXV33xfPYYM4VPNgSnlCW7Qa/5ULDN3DTg=
github.com/prisma/prisma-examples v0.0.0-20191205173857-07c0abc96412 h1:wHK6d9/jFn5JyOkkAun68lipRthThxd73Py/lX6b+EM=
github.com/prisma/prisma-examples v0.0.0-20191205173857-07c0abc96412/go.mod h1:i+NAPqF4pXXV33xfPYYM4VPNgSnlCW7Qa/5ULDN3DTg=
github.com/prisma/prisma-examples v0.0.0-20191205180941-65b23d8ce662 h1:JKzCQpDnvr6f7CEaWtWE9yzYWsWfYfTBw+yuRoD2vFs=
github.com/prisma/prisma-examples v0.0.0-20191205180941-65b23d8ce662/go.mod h1:i+NAPqF4pXXV33xfPYYM4VPNgSnlCW7Qa/5ULDN3DTg=
github.com/prisma/prisma-examples v0.0.0-20191205200624-872941086232 h1:TsVANpMG68Z1RwoZwlDpG+B0jTpLtu2ifg7YuWHMbTU=
github.com/prisma/prisma-examples v0.0.0-20191205200624-872941086232/go.mod h1:i+NAPqF4pXXV33xfPYYM4VPNgSnlCW7Qa/5ULDN3DTg=
github.com/prisma/prisma-examples v0.0.0-20191206074755-0a742649b042 h1:FujiVr3r4cUZ0jvyyNP3XidbhbxDz7L1TppIpdXr2gA=
github.com/prisma/prisma-examples v0.0.0-20191206074755-0a742649b042/go.mod h1:i+NAPqF4pXXV33xfPYYM4VPNgSnlCW7Qa/5ULDN3DTg=
github.com/prisma/prisma-examples v0.0.0-20191206101151-8a7d953fcd06 h1:8Uab43ucEbafYOMyGACjxicsVcfYsRDNoqbpyzocPOE=
github.com/prisma/prisma-examples v0.0.0-20191206101151-8a7d953fcd06/go.mod h1:i+NAPqF4pXXV33xfPYYM4VPNgSnlCW7Qa/5ULDN3DTg=
github.com/prisma/prisma-examples v0.0.0-20191206115108-19bc758a3172 h1:nV4yZzK9OOK3sicxyGjnTzhXSym59CBaJl50EBzYtZs=
github.com/prisma/prisma-examples v0.0.0-20191206115108-19bc758a3172/go.mod h1:i+NAPqF4pXXV33xfPYYM4VPNgSnlCW7Qa/5ULDN3DTg=
github.com/prisma/prisma-examples v0.0.0-20191206130324-91bab96a9b1d h1:LXocOhnXiUS8sLGceeS+GigWf1izNPAWCxMu3FLKxiI=
github.com/prisma/prisma-examples v0.0.0-20191206130324-91bab96a9b1d/go.mod h1:i+NAPqF4pXXV33xfPYYM4VPNgSnlCW7Qa/5ULDN3DTg=
github.com/prisma/prisma-examples v0.0.0-20191206142152-00884fc0aa31 h1:568HaSCSBkDSMVXQa7/TKNMTsubhmajJUSDWJFjtzGM=
github.com/prisma/prisma-examples v0.0.0-20191206142152-00884fc0aa31/go.mod h1:i+NAPqF4pXXV33xfPYYM4VPNgSnlCW7Qa/5ULDN3DTg=
github.com/prisma/prisma-examples v0.0.0-20191206173731-6ae1f6ea6210 h1:nGJpoKbJVdPVt9PWJP6suzbnMPehbXcSAdRt3EFvcUA=
github.com/prisma/prisma-examples v0.0.0-20191206173731-6ae1f6ea6210/go.mod h1:i+NAPqF4pXXV33xfPYYM4VPNgSnlCW7Qa/5ULDN3DTg=
github.com/prisma/prisma-examples v0.0.0-20191206203510-ae5f6328c1e0 h1:UDPLgJSEFWXKNb9kzgQQWk6MpMIXs+hOEoqizOFwk+M=
github.com/prisma/prisma-examples v0.0.0-20191206203510-ae5f6328c1e0/go.mod h1:i+NAPqF4pXXV33xfPYYM4VPNgSnlCW7Qa/5ULDN3DTg=
github.com/prisma/prisma-examples v0.0.0-20191206213947-498e7c66c1db h1:1Ag4U72De6mNQHqbrU7JFW7Qme27gyyL2QIdlbV/ul4=
github.com/prisma/prisma-examples v0.0.0-20191206213947-498e7c66c1db/go.mod h1:i+NAPqF4pXXV33xfPYYM4VPNgSnlCW7Qa/5ULDN3DTg=
github.com/prisma/prisma-examples v0.0.0-20191209133015-3f5c2e127c39 h1:MDgKHpys1/E+uuWFCZnUN2Li7kLlGB1xWaXGcoK9WM0=
github.com/prisma/prisma-examples v0.0.0-20191209133015-3f5c2e127c39/go.mod h1:i+NAPqF4pXXV33xfPYYM4VPNgSnlCW7Qa/5ULDN3DTg=
github.com/prisma/prisma-examples v0.0.0-20191209140023-0f387f0fe602 h1:NYAL7j9XuPWD+YbQbgm2BrMZSAXroLGS3KT0raE3yUQ=
github.com/prisma/prisma-examples v0.0.0-20191209140023-0f387f0fe602/go.mod h1:i+NAPqF4pXXV33xfPYYM4VPNgSnlCW7Qa/5ULDN3DTg=
github.com/prisma/prisma-examples v0.0.0-20191209160131-c7807fa90d77 h1:F1ktZjFmJoNP7ejKTwCU6i1Zw2fybQc139CMRihsBMM=
github.com/prisma/prisma-examples v0.0.0-20191209160131-c7807fa90d77/go.mod h1:i+NAPqF4pXXV33xfPYYM4VPNgSnlCW7Qa/5ULDN3DTg=
github.com/prisma/prisma-examples v0.0.0-20191209210319-b4826e7caa0d h1:wjYYwqOi0ImnRRnbX0HxA47HHcnY1YHSWWErv1oprjU=
github.com/prisma/prisma-examples v0.0.0-20191209210319-b4826e7caa0d/go.mod h1:i+NAPqF4pXXV33xfPYYM4VPNgSnlCW7Qa/5ULDN3DTg=
github.com/prisma/prisma-examples v0.0.0-20191209225418-1b372d2fc63e h1:Oi4aakgw97KB3Zb3OpZWuyJc07nF3TZ8d2kgfgWXLD0=
github.com/prisma/prisma-examples v0.0.0-20191209225418-1b372d2fc63e/go.mod h1:i+NAPqF4pXXV33xfPYYM4VPNgSnlCW7Qa/5ULDN3DTg=
github.com/prisma/prisma-examples v0.0.0-20191210181943-d08f436743f9 h1:MYPbN/dfBn7iQWAl8g9q9nT/cCdpvM+3oA6gOvFvQQM=
github.com/prisma/prisma-examples v0.0.0-20191210181943-d08f436743f9/go.mod h1:i+NAPqF4pXXV33xfPYYM4VPNgSnlCW7Qa/5ULDN3DTg=
github.com/prisma/prisma-examples v0.0.0-20191210193719-476bb026ab33 h1:cA3QTNR9Z7ivJEkb0WlvBxxsQVeO/GiQr5qC+0VH9b4=
github.com/prisma/prisma-examples v0.0.0-20191210193719-476bb026ab33/go.mod h1:i+NAPqF4pXXV33xfPYYM4VPNgSnlCW7Qa/5ULDN3DTg=
github.com/prisma/prisma-examples v0.0.0-20191211103247-3bfebd8c6e93 h1:+JZHwUCuqBf1HdOCRs5Yve6qInDafkBWCwlb83tIaJ0=
github.com/prisma/prisma-examples v0.0.0-20191211103247-3bfebd8c6e93/go.mod h1:i+NAPqF4pXXV33xfPYYM4VPNgSnlCW7Qa/5ULDN3DTg=
github.com/prisma/prisma-examples v0.0.0-20191211111515-6623cca9f463 h1:vjYtQzZT1OV15DABcd6dlWI0B3BGU11yu1tmVmf3X7A=
github.com/prisma/prisma-examples v0.0.0-20191211111515-6623cca9f463/go.mod h1:i+NAPqF4pXXV33xfPYYM4VPNgSnlCW7Qa/5ULDN3DTg=
github.com/prisma/prisma-examples v0.0.0-20191211135705-4fe3db9e1553 h1:bQWqpTetr/DXH03BfX8iUiWqdIss2CHsmASNaOaQG/w=
github.com/prisma/prisma-examples v0.0.0-20191211135705-4fe3db9e1553/go.mod h1:i+NAPqF4pXXV33xfPYYM4VPNgSnlCW7Qa/5ULDN3DTg=
github.com/prisma/prisma-examples v0.0.0-20191211152821-d1ac23e9aa55 h1:R8Yf2FkpS7+Mjw2dDUKWe2+epTV5LpzGOYUDZMHiY2c=
github.com/prisma/prisma-examples v0.0.0-20191211152821-d1ac23e9aa55/go.mod h1:i+NAPqF4pXXV33xfPYYM4VPNgSnlCW7Qa/5ULDN3DTg=
github.com/prisma/prisma-examples v0.0.0-20191212135945-183f90860425 h1:jJAh53trb48r6qPYgJGm+RHRtIRln3bMsFlS8rMHswI=
github.com/prisma/prisma-examples v0.0.0-20191212135945-183f90860425/go.mod h1:i+NAPqF4pXXV33xfPYYM4VPNgSnlCW7Qa/5ULDN3DTg=
github.com/prisma/prisma-examples v0.0.0-20191213103252-659a8d502e24 h1:fYur+8bMsC/N/DvSzXTaupehcuLsWF8OMuHp8I/kDBw=
github.com/prisma/prisma-examples v0.0.0-20191213103252-659a8d502e24/go.mod h1:i+NAPqF4pXXV33xfPYYM4VPNgSnlCW7Qa/5ULDN3DTg=
github.com/prisma/prisma-examples v0.0.0-20191214115430-560f3d0f76ba h1:qhekG3ljemBetLBZPjruzf5jiVWBcbNdrhOQfWBlsXc=
github.com/prisma/prisma-examples v0.0.0-20191214115430-560f3d0f76ba/go.mod h1:i+NAPqF4pXXV33xfPYYM4VPNgSnlCW7Qa/5ULDN3DTg=
github.com/prisma/prisma-examples v0.0.0-20191216123304-f5717c1a47e3 h1:zKJu0hKl5V9zAXxYW7B2+vYtu17YJVy4EpSDmNOAa2c=
github.com/prisma/prisma-examples v0.0.0-20191216123304-f5717c1a47e3/go.mod h1:i+NAPqF4pXXV33xfPYYM4VPNgSnlCW7Qa/5ULDN3DTg=
github.com/prisma/prisma-examples v0.0.0-20191217122711-65cbf9620235 h1:Z7k+bdQ+APYPmuvfvABxlTnTpb9J1occ3qHL3tdWWG0=
github.com/prisma/prisma-examples v0.0.0-20191217122711-65cbf9620235/go.mod h1:i+NAPqF4pXXV33xfPYYM4VPNgSnlCW7Qa/5ULDN3DTg=
github.com/prisma/prisma-examples v0.0.0-20191217142107-a18231249c87 h1:ZYjZ3mSjLMGk0edGd8lpnONuLdrpGi8stRcIRZmqU/Y=
github.com/prisma/prisma-examples v0.0.0-20191217142107-a18231249c87/go.mod h1:i+NAPqF4pXXV33xfPYYM4VPNgSnlCW7Qa/5ULDN3DTg=
github.com/prisma/prisma-examples v0.0.0-20191217182908-b107c10a6ee5 h1:XnkSm0qJX0Tnd+7GRBnvblMGYCUaitABPWKltvuI9dA=
github.com/prisma/prisma-examples v0.0.0-20191217182908-b107c10a6ee5/go.mod h1:i+NAPqF4pXXV33xfPYYM4VPNgSnlCW7Qa/5ULDN3DTg=
github.com/prisma/prisma-examples v0.0.0-20191218023203-fe75e73ea015 h1:3v4WrnRAI0eVkFl804/+FgoytC64/uGEMsHCsG8JGF8=
github.com/prisma/prisma-examples v0.0.0-20191218023203-fe75e73ea015/go.mod h1:i+NAPqF4pXXV33xfPYYM4VPNgSnlCW7Qa/5ULDN3DTg=
github.com/prisma/prisma-examples v0.0.0-20191218133212-1c0f0f4bfe52 h1:cqfS5XRz7QbF+GHaA2fFSGw9Ipk7yHzbxL8qeqNWKUI=
github.com/prisma/prisma-examples v0.0.0-20191218133212-1c0f0f4bfe52/go.mod h1:i+NAPqF4pXXV33xfPYYM4VPNgSnlCW7Qa/5ULDN3DTg=
github.com/prisma/prisma-examples v0.0.0-20191218140256-6bbddda0f425 h1:88pEeWiF6oObkfTWLB9yh/H6RY0xzrmZ+D41v/MKKXA=
github.com/prisma/prisma-examples v0.0.0-20191218140256-6bbddda0f425/go.mod h1:i+NAPqF4pXXV33xfPYYM4VPNgSnlCW7Qa/5ULDN3DTg=
github.com/prisma/prisma-examples v0.0.0-20191218151338-683cda646ed3 h1:iIPOheSbBNwd6+AxtbZXzjY4RRXySBM98um8IiFgopI=
github.com/prisma/prisma-examples v0.0.0-20191218151338-683cda646ed3/go.mod h1:i+NAPqF4pXXV33xfPYYM4VPNgSnlCW7Qa/5ULDN3DTg=
github.com/prisma/prisma-examples v0.0.0-20191219150729-347fc51f2675 h1:CwGm/5d39DWr8T/BTt/Jf0kKjs9gAlZMYneHjtntfo8=
github.com/prisma/prisma-examples v0.0.0-20191219150729-347fc51f2675/go.mod h1:i+NAPqF4pXXV33xfPYYM4VPNgSnlCW7Qa/5ULDN3DTg=
github.com/prisma/prisma-examples v0.0.0-20191219175856-44ccd25b7938 h1:fPehvYK+n2m+5u6aHL1CYRBxm4GZSWrX9wwQUx1yNfc=
github.com/prisma/prisma-examples v0.0.0-20191219175856-44ccd25b7938/go.mod h1:i+NAPqF4pXXV33xfPYYM4VPNgSnlCW7Qa/5ULDN3DTg=
github.com/prisma/prisma-examples v0.0.0-20191219180053-60201cc391ea h1:nZhNZYjkv3ISS70mMcRhD/NpF5jgc4wUWwQGgjVnMiU=
github.com/prisma/prisma-examples v0.0.0-20191219180053-60201cc391ea/go.mod h1:i+NAPqF4pXXV33xfPYYM4VPNgSnlCW7Qa/5ULDN3DTg=
github.com/prisma/prisma-examples v0.0.0-20191220071400-b9b234d90797 h1:Yj5SxyNdBRZv7pByj9+nw1Q8ti5mh1Z1L9AfiXFb4js=
github.com/prisma/prisma-examples v0.0.0-20191220071400-b9b234d90797/go.mod h1:i+NAPqF4pXXV33xfPYYM4VPNgSnlCW7Qa/5ULDN3DTg=
github.com/prisma/prisma-examples v0.0.0-20191220123110-669822cdd08b h1:1IUnw4+6CQ0Yrnr2dMfsBNoBw4By6mQjwMraGrYF06M=
github.com/prisma/prisma-examples v0.0.0-20191220123110-669822cdd08b/go.mod h1:i+NAPqF4pXXV33xfPYYM4VPNgSnlCW7Qa/5ULDN3DTg=
github.com/prisma/prisma-examples v0.0.0-20191220211957-9c0adf4391f1 h1:LCsjQyw4EFSLRdN/yCaQ5XmMnp/VyKtq29om4x4D7Y8=
github.com/prisma/prisma-examples v0.0.0-20191220211957-9c0adf4391f1/go.mod h1:i+NAPqF4pXXV33xfPYYM4VPNgSnlCW7Qa/5ULDN3DTg=
github.com/prisma/prisma-examples v0.0.0-20191223171047-86e088d673a6 h1:WDbek+GPxFtT5RQum5LszkRpbn+44QeMTrAByTXP9xU=
github.com/prisma/prisma-examples v0.0.0-20191223171047-86e088d673a6/go.mod h1:i+NAPqF4pXXV33xfPYYM4VPNgSnlCW7Qa/5ULDN3DTg=
github.com/prisma/prisma-examples v0.0.0-20191226170353-9d68347fac41 h1:luvivcM0mhMpTSNyrG4LA0RLfAzk57iAGXybN7Vrl7w=
github.com/prisma/prisma-examples v0.0.0-20191226170353-9d68347fac41/go.mod h1:i+NAPqF4pXXV33xfPYYM4VPNgSnlCW7Qa/5ULDN3DTg=
github.com/prisma/prisma-examples v0.0.0-20191227121510-259517c39559 h1:PfGoXH52vozJ2U2rAugw9pROkCgPAIyA7QuwuVmuVn4=
github.com/prisma/prisma-examples v0.0.0-20191227121510-259517c39559/go.mod h1:i+NAPqF4pXXV33xfPYYM4VPNgSnlCW7Qa/5ULDN3DTg=
github.com/prisma/prisma-examples v0.0.0-20200102121539-ff80c9ed92ec h1:y1ilFFTsZVekvpC3lrSZga+jLRRXe4SEzK/1gj8olhY=
github.com/prisma/prisma-examples v0.0.0-20200102121539-ff80c9ed92ec/go.mod h1:i+NAPqF4pXXV33xfPYYM4VPNgSnlCW7Qa/5ULDN3DTg=
github.com/prisma/prisma-examples v0.0.0-20200103190446-5c52e170596c h1:1tg8m6cwFA23M6/a43aTmgTwsMMIK7KzgxuM785dj5w=
github.com/prisma/prisma-examples v0.0.0-20200103190446-5c52e170596c/go.mod h1:i+NAPqF4pXXV33xfPYYM4VPNgSnlCW7Qa/5ULDN3DTg=
github.com/prisma/prisma-examples v0.0.0-20200103235030-52c30629b38b h1:kLs45HEGIL1G2p4xE35CEdLGaqc1FencMh2QBnOs+nM=
github.com/prisma/prisma-examples v0.0.0-20200103235030-52c30629b38b/go.mod h1:i+NAPqF4pXXV33xfPYYM4VPNgSnlCW7Qa/5ULDN3DTg=
github.com/prisma/prisma-examples v0.0.0-20200105121524-18857927a1b3 h1:np2dAMn/AyeHu/D0u/LoMtT6mxYrz1wOq7MEzCqKhxA=
github.com/prisma/prisma-examples v0.0.0-20200105121524-18857927a1b3/go.mod h1:i+NAPqF4pXXV33xfPYYM4VPNgSnlCW7Qa/5ULDN3DTg=
github.com/prisma/prisma-examples v0.0.0-20200105144702-324ccc51b530 h1:NHmnhBp0i+Yrz+ofRI4iQhDmPHnpHCbq2M9/Q2EAbT0=
github.com/prisma/prisma-examples v0.0.0-20200105144702-324ccc51b530/go.mod h1:i+NAPqF4pXXV33xfPYYM4VPNgSnlCW7Qa/5ULDN3DTg=
github.com/prisma/prisma-examples v0.0.0-20200106104455-32098e4cfefd h1:Me6svYDMYOZea0Enp3Km93kFtYHqjH+SlkIdey65PTM=
github.com/prisma/prisma-examples v0.0.0-20200106104455-32098e4cfefd/go.mod h1:i+NAPqF4pXXV33xfPYYM4VPNgSnlCW7Qa/5ULDN3DTg=
github.com/prisma/prisma-examples v0.0.0-20200106155727-5a4329aca4c8 h1:OmI/Rg8R/psj1IXdpNx8HcTFA2NttqoPDHLAR2j5pQo=
github.com/prisma/prisma-examples v0.0.0-20200106155727-5a4329aca4c8/go.mod h1:i+NAPqF4pXXV33xfPYYM4VPNgSnlCW7Qa/5ULDN3DTg=
github.com/prisma/prisma-examples v0.0.0-20200106163143-dc0b45d3d25b h1:63TogdX5elos5/IVNgjJsv8akhF7SwSTY0DzZlq405Q=
github.com/prisma/prisma-examples v0.0.0-20200106163143-dc0b45d3d25b/go.mod h1:i+NAPqF4pXXV33xfPYYM4VPNgSnlCW7Qa/5ULDN3DTg=
github.com/prisma/prisma-examples v0.0.0-20200107092434-1d96f393ca39 h1:EVk6e0dbaJDC7jkhggvp7N61zn6MLC3riBhNx4N13lA=
github.com/prisma/prisma-examples v0.0.0-20200107092434-1d96f393ca39/go.mod h1:i+NAPqF4pXXV33xfPYYM4VPNgSnlCW7Qa/5ULDN3DTg=
github.com/prisma/prisma-examples v0.0.0-20200107151721-2e414a1ddeca h1:t+zU+voEaoiDKyXDVMYAGfvUxxsJUvy8Hm+Jy/8j//s=
github.com/prisma/prisma-examples v0.0.0-20200107151721-2e414a1ddeca/go.mod h1:i+NAPqF4pXXV33xfPYYM4VPNgSnlCW7Qa/5ULDN3DTg=
github.com/prisma/prisma-examples v0.0.0-20200107170426-e87e4407a8d0 h1:YGGN+aR+3gBwKtgJZiILdd3Are3sh11QxZ4LivUSLYg=
github.com/prisma/prisma-examples v0.0.0-20200107170426-e87e4407a8d0/go.mod h1:i+NAPqF4pXXV33xfPYYM4VPNgSnlCW7Qa/5ULDN3DTg=
github.com/prisma/prisma-examples v0.0.0-20200108012939-e53752a9be0b h1:jtRyql0jTX+4NckxYo+StJuuyyUG1gbrunnEmzzZ2yQ=
github.com/prisma/prisma-examples v0.0.0-20200108012939-e53752a9be0b/go.mod h1:i+NAPqF4pXXV33xfPYYM4VPNgSnlCW7Qa/5ULDN3DTg=
github.com/prisma/prisma-examples v0.0.0-20200108020608-341b279c5f52 h1:Mem9/JUKO5FYlCdC+VUwu8+KEDWpqIbmaGNcDuoHTnE=
github.com/prisma/prisma-examples v0.0.0-20200108020608-341b279c5f52/go.mod h1:i+NAPqF4pXXV33xfPYYM4VPNgSnlCW7Qa/5ULDN3DTg=
github.com/prisma/prisma-examples v0.0.0-20200108084352-e48376a07754 h1:R67bfrETZPSFkPDxp6DjfaIDy3JOX3s/CdDQos33Vzs=
github.com/prisma/prisma-examples v0.0.0-20200108084352-e48376a07754/go.mod h1:i+NAPqF4pXXV33xfPYYM4VPNgSnlCW7Qa/5ULDN3DTg=
github.com/prisma/prisma-examples v0.0.0-20200108102410-b9016d04c92e h1:HaoFLB73ZU5u7HgZCpCbKW+ILhiilv0ZGFYMqVe4OCY=
github.com/prisma/prisma-examples v0.0.0-20200108102410-b9016d04c92e/go.mod h1:i+NAPqF4pXXV33xfPYYM4VPNgSnlCW7Qa/5ULDN3DTg=
github.com/prisma/prisma-examples v0.0.0-20200108110722-c784b8c713d9 h1:bBvklVuvbh4qKwIpNxHV19T/F6qtvXZyo7ruL1YPOWE=
github.com/prisma/prisma-examples v0.0.0-20200108110722-c784b8c713d9/go.mod h1:i+NAPqF4pXXV33xfPYYM4VPNgSnlCW7Qa/5ULDN3DTg=
github.com/prisma/prisma-examples v0.0.0-20200108122441-8f9baf02dc34 h1:wy4VxpNFIjX5eIVtG8rHlboMUYf0hS7waQZ9AdLRLvU=
github.com/prisma/prisma-examples v0.0.0-20200108122441-8f9baf02dc34/go.mod h1:i+NAPqF4pXXV33xfPYYM4VPNgSnlCW7Qa/5ULDN3DTg=
github.com/prisma/prisma-examples v0.0.0-20200108130031-b5d71f1c2c4e h1:MkIYgE2OPo2xO0LN4ew3BGn5RaF68DuEqhzdNvLEGN8=
github.com/prisma/prisma-examples v0.0.0-20200108143528-5edd149212f6 h1:thW1ntpQFn5n5eERT57CtuSXkiE0dEIpx1Bz3Xq51a4=
github.com/prisma/prisma-examples v0.0.0-20200108143528-5edd149212f6/go.mod h1:i+NAPqF4pXXV33xfPYYM4VPNgSnlCW7Qa/5ULDN3DTg=
github.com/prisma/prisma-examples v0.0.0-20200108144834-ae81ee052f52 h1:rTC5gbIGDuEwfAWAkXInNd+lpqeyhp3E0QU7v6Bxee0=
github.com/prisma/prisma-examples v0.0.0-20200108144834-ae81ee052f52/go.mod h1:i+NAPqF4pXXV33xfPYYM4VPNgSnlCW7Qa/5ULDN3DTg=
github.com/prisma/prisma-examples v0.0.0-20200108150302-836c164f7e70 h1:/s1Ht6AOV/w2umkDlXvH52xOiuT+IHi+3D59ujG8iMY=
github.com/prisma/prisma-examples v0.0.0-20200108150302-836c164f7e70/go.mod h1:i+NAPqF4pXXV33xfPYYM4VPNgSnlCW7Qa/5ULDN3DTg=
github.com/prisma/prisma-examples v0.0.0-20200108164900-182775b9cea4 h1:0vmSuJGnvOGnonGlHCknb0j4XpOU0eqDSrEkToyLbeE=
github.com/prisma/prisma-examples v0.0.0-20200108164900-182775b9cea4/go.mod h1:i+NAPqF4pXXV33xfPYYM4VPNgSnlCW7Qa/5ULDN3DTg=
github.com/prisma/prisma-examples v0.0.0-20200108172129-d19e1ce86b12 h1:8PheAgE6onJLHwLN2mLr4YRDPmFZfmegqbwtfeID0SY=
github.com/prisma/prisma-examples v0.0.0-20200108172129-d19e1ce86b12/go.mod h1:i+NAPqF4pXXV33xfPYYM4VPNgSnlCW7Qa/5ULDN3DTg=
github.com/prisma/prisma-examples v0.0.0-20200108204928-c1154db1e3f1 h1:XfwpjT4TRkVioY4NZadnYVnGCBAdip8cSpdj+uWbQmc=
github.com/prisma/prisma-examples v0.0.0-20200108204928-c1154db1e3f1/go.mod h1:i+NAPqF4pXXV33xfPYYM4VPNgSnlCW7Qa/5ULDN3DTg=
github.com/prisma/prisma-examples v0.0.0-20200109112219-f804c67cc6f7 h1:lyHPCAZah5rimtsi9KmsNZGe7jvToEICh7a4X4O/8mY=
github.com/prisma/prisma-examples v0.0.0-20200109112219-f804c67cc6f7/go.mod h1:i+NAPqF4pXXV33xfPYYM4VPNgSnlCW7Qa/5ULDN3DTg=
github.com/prisma/prisma-examples v0.0.0-20200109154533-19a9530076bf h1:RW/U24sgtS1Rors/dzVTXcqoBpNKDxCYMXeQmNWAjio=
github.com/prisma/prisma-examples v0.0.0-20200109154533-19a9530076bf/go.mod h1:i+NAPqF4pXXV33xfPYYM4VPNgSnlCW7Qa/5ULDN3DTg=
github.com/prisma/prisma-examples v0.0.0-20200109184142-5c23d0a42965 h1:6/8cgJdkYxW00SOL01bCxkg8zzMpWZ6AW1HFpvHAb2s=
github.com/prisma/prisma-examples v0.0.0-20200109184142-5c23d0a42965/go.mod h1:i+NAPqF4pXXV33xfPYYM4VPNgSnlCW7Qa/5ULDN3DTg=
github.com/prisma/prisma-examples v0.0.0-20200109222158-9d4376725776 h1:qVdNoYUtEbNMdhfcVizt/fMOjl076UHOKlpPe2Zq3Aw=
github.com/prisma/prisma-examples v0.0.0-20200109222158-9d4376725776/go.mod h1:i+NAPqF4pXXV33xfPYYM4VPNgSnlCW7Qa/5ULDN3DTg=
github.com/prisma/prisma-examples v0.0.0-20200110011533-100007366dba h1:4WRDUCFC27dkZMuU5CGsqLbwPC5+hAtx0VfVZ4yfAPI=
github.com/prisma/prisma-examples v0.0.0-20200110011533-100007366dba/go.mod h1:i+NAPqF4pXXV33xfPYYM4VPNgSnlCW7Qa/5ULDN3DTg=
github.com/prisma/prisma-examples v0.0.0-20200110053559-dc052a9bd7f9 h1:D3y9ZXvGoicU9rFX+PjNQ5gLUPlc/CbfIalU2VQDyjY=
github.com/prisma/prisma-examples v0.0.0-20200110053559-dc052a9bd7f9/go.mod h1:i+NAPqF4pXXV33xfPYYM4VPNgSnlCW7Qa/5ULDN3DTg=
github.com/prisma/prisma-examples v0.0.0-20200110150224-98decc221ca1 h1:q2GpZTEkIT7IcWTYnvC1hvA6eDT2TbVV5odTFt4W/s4=
github.com/prisma/prisma-examples v0.0.0-20200110150224-98decc221ca1/go.mod h1:i+NAPqF4pXXV33xfPYYM4VPNgSnlCW7Qa/5ULDN3DTg=
github.com/prisma/prisma-examples v0.0.0-20200110171004-b98f24f904b2 h1:/6RhLqFeJutanSHumnf419IqjdPo/1e7qB81E0DqJpU=
github.com/prisma/prisma-examples v0.0.0-20200110171004-b98f24f904b2/go.mod h1:i+NAPqF4pXXV33xfPYYM4VPNgSnlCW7Qa/5ULDN3DTg=
github.com/prisma/prisma-examples v0.0.0-20200110181558-0bf249b9c548 h1:prY+CrKPGA6pXqfWPS7CWYgF/8AuVlDfnd9DyCGj/Jg=
github.com/prisma/prisma-examples v0.0.0-20200110181558-0bf249b9c548/go.mod h1:i+NAPqF4pXXV33xfPYYM4VPNgSnlCW7Qa/5ULDN3DTg=
github.com/prisma/prisma-examples v0.0.0-20200110215805-5056e4d96d31 h1:BBcsGFv0FzIY+6q/pd9ea/lx9c8Wfd0wF3G5VgTOuzc=
github.com/prisma/prisma-examples v0.0.0-20200110215805-5056e4d96d31/go.mod h1:i+NAPqF4pXXV33xfPYYM4VPNgSnlCW7Qa/5ULDN3DTg=
github.com/prisma/prisma-examples v0.0.0-20200113093125-f232cbb5aa25 h1:DKM1KUdD/x4VWwFGvyfot+Q8m9pHVpYB3CNa78o1U54=
github.com/prisma/prisma-examples v0.0.0-20200113093125-f232cbb5aa25/go.mod h1:i+NAPqF4pXXV33xfPYYM4VPNgSnlCW7Qa/5ULDN3DTg=
github.com/prisma/prisma-examples v0.0.0-20200113130622-fc2f8dd5c65f h1:Q33KP7H8HBZ4m3muTuP9UaRNRzrKh31lYnfkFVp2ors=
github.com/prisma/prisma-examples v0.0.0-20200113130622-fc2f8dd5c65f/go.mod h1:i+NAPqF4pXXV33xfPYYM4VPNgSnlCW7Qa/5ULDN3DTg=
github.com/prisma/prisma-examples v0.0.0-20200113140140-98f54bef9699 h1:Hvh3k1OsFLhkauDBb4pyCi2jUUw2CdmUDGwbub5g7sY=
github.com/prisma/prisma-examples v0.0.0-20200113140140-98f54bef9699/go.mod h1:i+NAPqF4pXXV33xfPYYM4VPNgSnlCW7Qa/5ULDN3DTg=
github.com/prisma/prisma-examples v0.0.0-20200113181928-cee7782e739a h1:cCN3rcIk30ELOMqMaGdIr1BzlenYoV7gPVj2tSChQrk=
github.com/prisma/prisma-examples v0.0.0-20200113181928-cee7782e739a/go.mod h1:i+NAPqF4pXXV33xfPYYM4VPNgSnlCW7Qa/5ULDN3DTg=
github.com/prisma/prisma-examples v0.0.0-20200113192729-47551ac18537 h1:7tIgqV0HQmqhyv6Eny2MxyNJySbI+DdaGiKEge9sZBA=
github.com/prisma/prisma-examples v0.0.0-20200113192729-47551ac18537/go.mod h1:i+NAPqF4pXXV33xfPYYM4VPNgSnlCW7Qa/5ULDN3DTg=
github.com/prisma/prisma-examples v0.0.0-20200114150849-2cf3acf09529 h1:Z5HaxuIzl7I7S3Evyk+gf7eW6lbECXKeMPEhLG3uUBA=
github.com/prisma/prisma-examples v0.0.0-20200114150849-2cf3acf09529/go.mod h1:i+NAPqF4pXXV33xfPYYM4VPNgSnlCW7Qa/5ULDN3DTg=
github.com/prisma/prisma-examples v0.0.0-20200114160147-cf7c4151ee5f h1:3Ooa0Jkp0X774U/G+6UZ3cifWqDb1FmtwcCSojPtZzI=
github.com/prisma/prisma-examples v0.0.0-20200114160147-cf7c4151ee5f/go.mod h1:i+NAPqF4pXXV33xfPYYM4VPNgSnlCW7Qa/5ULDN3DTg=
github.com/prisma/prisma-examples v0.0.0-20200114170901-2401eb735c58 h1:dB4wRKpNIOiLLWWpv5iVbdgHs9R2VrM4e8XXhpg94Bs=
github.com/prisma/prisma-examples v0.0.0-20200114170901-2401eb735c58/go.mod h1:i+NAPqF4pXXV33xfPYYM4VPNgSnlCW7Qa/5ULDN3DTg=
github.com/prisma/prisma-examples v0.0.0-20200115092240-05bb945f308c h1:CB/Ewn8dQeoCsv6RpG8ebpqbWY1avZOXqt/bt2mTGUM=
github.com/prisma/prisma-examples v0.0.0-20200115092240-05bb945f308c/go.mod h1:i+NAPqF4pXXV33xfPYYM4VPNgSnlCW7Qa/5ULDN3DTg=
github.com/prisma/prisma-examples v0.0.0-20200115104107-0207da623fbe h1:ex3oKgBrrvJK6H9wELq1E8igPeR0jqvpyOGOZPzlHdg=
github.com/prisma/prisma-examples v0.0.0-20200115104107-0207da623fbe/go.mod h1:i+NAPqF4pXXV33xfPYYM4VPNgSnlCW7Qa/5ULDN3DTg=
github.com/prisma/prisma-examples v0.0.0-20200115110035-edca245e5bb4 h1:iecZ0AW85nlsui13MbNiFSWRGi0VOzEFf44rS072kRI=
github.com/prisma/prisma-examples v0.0.0-20200115110035-edca245e5bb4/go.mod h1:i+NAPqF4pXXV33xfPYYM4VPNgSnlCW7Qa/5ULDN3DTg=
github.com/prisma/prisma-examples v0.0.0-20200115120358-b1cbff4989aa h1:6EgFje+APLpGieuu1P8d3AYKzQYe27NI4AiZOmT61/I=
github.com/prisma/prisma-examples v0.0.0-20200115120358-b1cbff4989aa/go.mod h1:i+NAPqF4pXXV33xfPYYM4VPNgSnlCW7Qa/5ULDN3DTg=
github.com/prisma/prisma-examples v0.0.0-20200211183936-340f692b1fd3 h1:6eiAiuJ6YBRMxPSklAE2nj6ibEfi7XuYbf3na57T0Os=
github.com/prisma/prisma-examples v0.0.0-20200211183936-340f692b1fd3/go.mod h1:i+NAPqF4pXXV33xfPYYM4VPNgSnlCW7Qa/5ULDN3DTg=
github.com/prisma/prisma-examples v0.0.0-20200214140650-48bf83d9bf7e h1:C0K5+PPp9FeSPRzjjoQYA84AjnTa3aZPiL51dvFKn+8=
github.com/prisma/prisma-examples v0.0.0-20200214140650-48bf83d9bf7e/go.mod h1:i+NAPqF4pXXV33xfPYYM4VPNgSnlCW7Qa/5ULDN3DTg=
github.com/prisma/prisma-examples v0.0.0-20200214185644-1380e33113d7 h1:uuIKnLXMMy2RuAI1QSkqq4YhI1dnVRVr6ef0f/hL2eM=
github.com/prisma/prisma-examples v0.0.0-20200214185644-1380e33113d7/go.mod h1:i+NAPqF4pXXV33xfPYYM4VPNgSnlCW7Qa/5ULDN3DTg=
github.com/prisma/prisma-examples v0.0.0-20200217091542-f282fb1e891b h1:FPQIEJnBvESyv8/UyETV4zr92e9Lvudqm8X3TttdCyM=
github.com/prisma/prisma-examples v0.0.0-20200217091542-f282fb1e891b/go.mod h1:i+NAPqF4pXXV33xfPYYM4VPNgSnlCW7Qa/5ULDN3DTg=
