# This file is autogenerated, do not edit; changes may be undone by the next 'dep ensure'.


[[projects]]
  digest = "1:d86c8eb7189141c0e902fd8dcf6e79b8feea523978018e20f2ac794626ad0f63"
  name = "github.com/machinebox/graphql"
  packages = ["."]
  pruneopts = "UT"
  revision = "05b17f3157491bbfa5d6fc2006443a272d960d15"
  version = "v0.2.2"

[[projects]]
  digest = "1:645110e089152bd0f4a011a2648fbb0e4df5977be73ca605781157ac297f50c4"
  name = "github.com/mitchellh/mapstructure"
  packages = ["."]
  pruneopts = "UT"
  revision = "fa473d140ef3c6adf42d6b391fe76707f1f243c8"
  version = "v1.0.0"

[[projects]]
  digest = "1:40e195917a951a8bf867cd05de2a46aaf1806c50cf92eebf4c16f78cd196f747"
  name = "github.com/pkg/errors"
  packages = ["."]
  pruneopts = "UT"
  revision = "645ef00459ed84a119197bfb8d8205042c6df63d"
  version = "v0.8.0"

[[projects]]
  branch = "master"
  digest = "1:e4b889a2efa063e446dc2cca35dbe2484c47bbe1f2c5c20b8d043c6e6b3009c3"
  name = "github.com/prisma/prisma-client-lib-go"
  packages = ["."]
  pruneopts = "UT"
  revision = "886b6a49a2294d77aa3e9cee412aba20987d3488"

[[projects]]
  branch = "master"
  digest = "1:a455bd1f24d44852445063d2cbd015546790fe7572c2f62e1c3563c5ef00f431"
  name = "github.com/prisma/prisma-examples"
  packages = ["go-cli-app/prisma-client"]
  pruneopts = "UT"
  revision = "954f1443c6d37092c54ccfca11cba2bf01f92466"

[solve-meta]
  analyzer-name = "dep"
  analyzer-version = 1
  input-imports = [
    "github.com/machinebox/graphql",
    "github.com/prisma/prisma-client-lib-go",
    "github.com/prisma/prisma-examples/go-cli-app/prisma-client",
  ]
  solver-name = "gps-cdcl"
  solver-version = 1
