{
  "version": "5",
  "specifiers": {
    "jsr:@std/assert@1": "1.0.13",
    "jsr:@std/cli@^1.0.20": "1.0.20",
    "jsr:@std/encoding@^1.0.10": "1.0.10",
    "jsr:@std/fmt@^1.0.8": "1.0.8",
    "jsr:@std/fs@^1.0.19": "1.0.19",
    "jsr:@std/html@^1.0.4": "1.0.4",
    "jsr:@std/http@1": "1.0.19",
    "jsr:@std/internal@^1.0.6": "1.0.9",
    "jsr:@std/internal@^1.0.9": "1.0.9",
    "jsr:@std/media-types@^1.1.0": "1.1.0",
    "jsr:@std/net@^1.0.4": "1.0.4",
    "jsr:@std/path@^1.1.1": "1.1.1",
    "jsr:@std/streams@^1.0.10": "1.0.10",
    "npm:@prisma/adapter-pg@6.11.0": "6.11.0",
    "npm:@prisma/client@6.11.0": "6.11.0_prisma@6.11.0",
    "npm:prisma@6.11.0": "6.11.0"
  },
  "jsr": {
    "@std/assert@1.0.13": {
      "integrity": "ae0d31e41919b12c656c742b22522c32fb26ed0cba32975cb0de2a273cb68b29",
      "dependencies": [
        "jsr:@std/internal@^1.0.6"
      ]
    },
    "@std/cli@1.0.20": {
      "integrity": "a8c384a2c98cec6ec6a2055c273a916e2772485eb784af0db004c5ab8ba52333"
    },
    "@std/encoding@1.0.10": {
      "integrity": "8783c6384a2d13abd5e9e87a7ae0520a30e9f56aeeaa3bdf910a3eaaf5c811a1"
    },
    "@std/fmt@1.0.8": {
      "integrity": "71e1fc498787e4434d213647a6e43e794af4fd393ef8f52062246e06f7e372b7"
    },
    "@std/fs@1.0.19": {
      "integrity": "051968c2b1eae4d2ea9f79a08a3845740ef6af10356aff43d3e2ef11ed09fb06"
    },
    "@std/html@1.0.4": {
      "integrity": "eff3497c08164e6ada49b7f81a28b5108087033823153d065e3f89467dd3d50e"
    },
    "@std/http@1.0.19": {
      "integrity": "52128c8d00a1f0b20019f8b72376e7ef5f3133375b6f805b5bc89b9de2ad4686",
      "dependencies": [
        "jsr:@std/cli",
        "jsr:@std/encoding",
        "jsr:@std/fmt",
        "jsr:@std/fs",
        "jsr:@std/html",
        "jsr:@std/media-types",
        "jsr:@std/net",
        "jsr:@std/path",
        "jsr:@std/streams"
      ]
    },
    "@std/internal@1.0.9": {
      "integrity": "bdfb97f83e4db7a13e8faab26fb1958d1b80cc64366501af78a0aee151696eb8"
    },
    "@std/media-types@1.1.0": {
      "integrity": "c9d093f0c05c3512932b330e3cc1fe1d627b301db33a4c2c2185c02471d6eaa4"
    },
    "@std/net@1.0.4": {
      "integrity": "2f403b455ebbccf83d8a027d29c5a9e3a2452fea39bb2da7f2c04af09c8bc852"
    },
    "@std/path@1.1.1": {
      "integrity": "fe00026bd3a7e6a27f73709b83c607798be40e20c81dde655ce34052fd82ec76",
      "dependencies": [
        "jsr:@std/internal@^1.0.9"
      ]
    },
    "@std/streams@1.0.10": {
      "integrity": "75c0b1431873cd0d8b3d679015220204d36d3c7420d93b60acfc379eb0dc30af"
    }
  },
  "npm": {
    "@prisma/adapter-pg@6.11.0": {
      "integrity": "sha512-FMZwHoF54WVZT/26dQmk8Gbsud/JeHUny+POvaN0Aztr+eomycNOo/dHefU+nCm+fBI/vuwlAaCAAtPkeC+m2w==",
      "dependencies": [
        "@prisma/driver-adapter-utils",
        "pg",
        "postgres-array@3.0.4"
      ]
    },
    "@prisma/client@6.11.0_prisma@6.11.0": {
      "integrity": "sha512-K9TkKepOYvCOg3qCuKz7ZHf6rf58BFKi08plKjU4qVv9y7/UxO6tLz7PlWcgODUZKURLPmRHjHERffIx/8az4w==",
      "dependencies": [
        "prisma"
      ],
      "optionalPeers": [
        "prisma"
      ],
      "scripts": true
    },
    "@prisma/config@6.11.0": {
      "integrity": "sha512-icBfutMpdrwSf2ggo012zhQ4oianijXL/UPbv4PNVK3WUWbB3/F5Ltq8ZfElGrtwKC6XuFFPxU5qDC9x7vh8zQ==",
      "dependencies": [
        "jiti"
      ]
    },
    "@prisma/debug@6.11.0": {
      "integrity": "sha512-zo4oEZMWMt0BFWl+4NK9FUpaEOmjGR3y2/r0lkW/DK4BUBRgMj90s8QqK2K+vXG3xn0nAGg2kOSu+Swn60CFLg=="
    },
    "@prisma/driver-adapter-utils@6.11.0": {
      "integrity": "sha512-fuXpLkhHxY2x7/i1IylscOgmaKdMtvalumSBaTkJ2z3LG0Z/+px6aP3lKBGU6NVX5FrCnrTlK+dxifJaWzPJrA==",
      "dependencies": [
        "@prisma/debug"
      ]
    },
    "@prisma/engines-version@6.11.0-18.9c30299f5a0ea26a96790e13f796dc6094db3173": {
      "integrity": "sha512-M3vbyDICFIA1oJl0cFkM0omD4HsJZjFi0hu0f0UxyPABH8KEcZyUd5BToCrNl4B8lUeQn+L5+gfaQleOKp6Lrg=="
    },
    "@prisma/engines@6.11.0": {
      "integrity": "sha512-uqnYxvPKZPvYZA7F0q4gTR+fVWUJSY5bif7JAKBIOD5SoRRy0qEIaPy4Nna5WDLQaFGshaY/Bh8dLOQMfxhJJw==",
      "dependencies": [
        "@prisma/debug",
        "@prisma/engines-version",
        "@prisma/fetch-engine",
        "@prisma/get-platform"
      ],
      "scripts": true
    },
    "@prisma/fetch-engine@6.11.0": {
      "integrity": "sha512-ZHHSP7vJFo5hePH+MNovxhqXabIg38ZpCwQfUBON29kwPX3f1pjYnzGpgJLCJy4k7mKGOzTgrXPqH8+nJvq2fw==",
      "dependencies": [
        "@prisma/debug",
        "@prisma/engines-version",
        "@prisma/get-platform"
      ]
    },
    "@prisma/get-platform@6.11.0": {
      "integrity": "sha512-yspBGvOfJQwuoApk5B4aBlHDy6YDXAOe4Ml8U2eZ+M2b7fDd10YDomS3Q4qrYHUUVYF3TJyN86NcnRMOvCMUrA==",
      "dependencies": [
        "@prisma/debug"
      ]
    },
    "jiti@2.4.2": {
      "integrity": "sha512-rg9zJN+G4n2nfJl5MW3BMygZX56zKPNVEYYqq7adpmMh4Jn2QNEwhvQlFy6jPVdcod7txZtKHWnyZiA3a0zP7A==",
      "bin": true
    },
    "pg-cloudflare@1.2.7": {
      "integrity": "sha512-YgCtzMH0ptvZJslLM1ffsY4EuGaU0cx4XSdXLRFae8bPP4dS5xL1tNB3k2o/N64cHJpwU7dxKli/nZ2lUa5fLg=="
    },
    "pg-connection-string@2.9.1": {
      "integrity": "sha512-nkc6NpDcvPVpZXxrreI/FOtX3XemeLl8E0qFr6F2Lrm/I8WOnaWNhIPK2Z7OHpw7gh5XJThi6j6ppgNoaT1w4w=="
    },
    "pg-int8@1.0.1": {
      "integrity": "sha512-WCtabS6t3c8SkpDBUlb1kjOs7l66xsGdKpIPZsg4wR+B3+u9UAum2odSsF9tnvxg80h4ZxLWMy4pRjOsFIqQpw=="
    },
    "pg-pool@3.10.1_pg@8.16.3": {
      "integrity": "sha512-Tu8jMlcX+9d8+QVzKIvM/uJtp07PKr82IUOYEphaWcoBhIYkoHpLXN3qO59nAI11ripznDsEzEv8nUxBVWajGg==",
      "dependencies": [
        "pg"
      ]
    },
    "pg-protocol@1.10.3": {
      "integrity": "sha512-6DIBgBQaTKDJyxnXaLiLR8wBpQQcGWuAESkRBX/t6OwA8YsqP+iVSiond2EDy6Y/dsGk8rh/jtax3js5NeV7JQ=="
    },
    "pg-types@2.2.0": {
      "integrity": "sha512-qTAAlrEsl8s4OiEQY69wDvcMIdQN6wdz5ojQiOy6YRMuynxenON0O5oCpJI6lshc6scgAY8qvJ2On/p+CXY0GA==",
      "dependencies": [
        "pg-int8",
        "postgres-array@2.0.0",
        "postgres-bytea",
        "postgres-date",
        "postgres-interval"
      ]
    },
    "pg@8.16.3": {
      "integrity": "sha512-enxc1h0jA/aq5oSDMvqyW3q89ra6XIIDZgCX9vkMrnz5DFTw/Ny3Li2lFQ+pt3L6MCgm/5o2o8HW9hiJji+xvw==",
      "dependencies": [
        "pg-connection-string",
        "pg-pool",
        "pg-protocol",
        "pg-types",
        "pgpass"
      ],
      "optionalDependencies": [
        "pg-cloudflare"
      ]
    },
    "pgpass@1.0.5": {
      "integrity": "sha512-FdW9r/jQZhSeohs1Z3sI1yxFQNFvMcnmfuj4WBMUTxOrAyLMaTcE1aAMBiTlbMNaXvBCQuVi0R7hd8udDSP7ug==",
      "dependencies": [
        "split2"
      ]
    },
    "postgres-array@2.0.0": {
      "integrity": "sha512-VpZrUqU5A69eQyW2c5CA1jtLecCsN2U/bD6VilrFDWq5+5UIEVO7nazS3TEcHf1zuPYO/sqGvUvW62g86RXZuA=="
    },
    "postgres-array@3.0.4": {
      "integrity": "sha512-nAUSGfSDGOaOAEGwqsRY27GPOea7CNipJPOA7lPbdEpx5Kg3qzdP0AaWC5MlhTWV9s4hFX39nomVZ+C4tnGOJQ=="
    },
    "postgres-bytea@1.0.0": {
      "integrity": "sha512-xy3pmLuQqRBZBXDULy7KbaitYqLcmxigw14Q5sj8QBVLqEwXfeybIKVWiqAXTlcvdvb0+xkOtDbfQMOf4lST1w=="
    },
    "postgres-date@1.0.7": {
      "integrity": "sha512-suDmjLVQg78nMK2UZ454hAG+OAW+HQPZ6n++TNDUX+L0+uUlLywnoxJKDou51Zm+zTCjrCl0Nq6J9C5hP9vK/Q=="
    },
    "postgres-interval@1.2.0": {
      "integrity": "sha512-9ZhXKM/rw350N1ovuWHbGxnGh/SNJ4cnxHiM0rxE4VN41wsg8P8zWn9hv/buK00RP4WvlOyr/RBDiptyxVbkZQ==",
      "dependencies": [
        "xtend"
      ]
    },
    "prisma@6.11.0": {
      "integrity": "sha512-gI69E7fusgk32XALpXzdgR10xUx2aFnHiu/JaUo4O07G4JvFT0xNtD0Iy81p37iBLTYFEhWa9VrHKXaiyZ5fLQ==",
      "dependencies": [
        "@prisma/config",
        "@prisma/engines"
      ],
      "scripts": true,
      "bin": true
    },
    "split2@4.2.0": {
      "integrity": "sha512-UcjcJOWknrNkF6PLX83qcHM6KHgVKNkV62Y8a5uYDVv9ydGQVwAHMKqHdJje1VTWpljG0WYpCDhrCdAOYH4TWg=="
    },
    "xtend@4.0.2": {
      "integrity": "sha512-LKYU1iAXJXUgAXn9URjiu+MWhyUXHsvfp7mcuYm9dSUKK0/CjtrUwFAxD82/mCWbtLsGjFIad0wIsod4zrTAEQ=="
    }
  },
  "workspace": {
    "dependencies": [
      "jsr:@std/assert@1",
      "jsr:@std/http@1",
      "npm:@prisma/adapter-pg@6.11.0",
      "npm:@prisma/client@6.11.0",
      "npm:prisma@6.11.0"
    ]
  }
}
